
Microsoft Visual Studio Solution File, Format Version 12.00
# Visual Studio Version 16
VisualStudioVersion = 16.0.31702.278
MinimumVisualStudioVersion = 10.0.40219.1
Project("{FAE04EC0-301F-11D3-BF4B-00C04F79EFBC}") = "PigTail", "PigTail\PigTail.csproj", "{8F1A3A83-98AE-4332-B80E-9BC543A9BC1F}"
EndProject
Global
	GlobalSection(SolutionConfigurationPlatforms) = preSolution
		Debug|Any CPU = Debug|Any CPU
		Release|Any CPU = Release|Any CPU
	EndGlobalSection
	GlobalSection(ProjectConfigurationPlatforms) = postSolution
		{8F1A3A83-98AE-4332-B80E-9BC543A9BC1F}.Debug|Any CPU.ActiveCfg = Debug|Any CPU
		{8F1A3A83-98AE-4332-B80E-9BC543A9BC1F}.Debug|Any CPU.Build.0 = Debug|Any CPU
		{8F1A3A83-98AE-4332-B80E-9BC543A9BC1F}.Release|Any CPU.ActiveCfg = Release|Any CPU
		{8F1A3A83-98AE-4332-B80E-9BC543A9BC1F}.Release|Any CPU.Build.0 = Release|Any CPU
	EndGlobalSection
	GlobalSection(SolutionProperties) = preSolution
		HideSolutionNode = FALSE
	EndGlobalSection
	GlobalSection(ExtensibilityGlobals) = postSolution
		SolutionGuid = {3155B55D-05A5-4EC6-B019-98CE1ECBEDDB}
	EndGlobalSection
EndGlobal
